
Microsoft Visual Studio Solution File, Format Version 12.00
# Visual Studio Version 17
VisualStudioVersion = 17.8.34408.163
MinimumVisualStudioVersion = 10.0.40219.1
Project("{8BC9CEB8-8B4A-11D0-8D11-00A0C91BC942}") = "GPU Optimisation", "GPU Optimisation.vcxproj", "{AB7450BB-D4C8-428E-A7C8-870B1AD5B74B}"
EndProject
Global
	GlobalSection(SolutionConfigurationPlatforms) = preSolution
		Debug|x64 = Debug|x64
		Release|x64 = Release|x64
	EndGlobalSection
	GlobalSection(ProjectConfigurationPlatforms) = postSolution
		{AB7450BB-D4C8-428E-A7C8-870B1AD5B74B}.Debug|x64.ActiveCfg = Debug|x64
		{AB7450BB-D4C8-428E-A7C8-870B1AD5B74B}.Debug|x64.Build.0 = Debug|x64
		{AB7450BB-D4C8-428E-A7C8-870B1AD5B74B}.Release|x64.ActiveCfg = Release|x64
		{AB7450BB-D4C8-428E-A7C8-870B1AD5B74B}.Release|x64.Build.0 = Release|x64
	EndGlobalSection
	GlobalSection(SolutionProperties) = preSolution
		HideSolutionNode = FALSE
	EndGlobalSection
	GlobalSection(ExtensibilityGlobals) = postSolution
		SolutionGuid = {3A92A5C5-DE9F-49C9-9B92-93913813E7D1}
	EndGlobalSection
EndGlobal
